{
    "_readme": [
        "This file locks the dependencies of your project to a known state",
        "Read more about it at https://getcomposer.org/doc/01-basic-usage.md#installing-dependencies",
        "This file is @generated automatically"
    ],
    "content-hash": "fdd8f93a39c17ff89cbae322643a66e4",
    "packages": [
        {
            "name": "danielbachhuber/composer-lock-updater",
            "version": "v0.6.3",
            "source": {
                "type": "git",
                "url": "https://github.com/danielbachhuber/composer-lock-updater.git",
                "reference": "8edf05864b69f90dbf58082b1c07d30d73aaf3d6"
            },
            "dist": {
                "type": "zip",
                "url": "https://api.github.com/repos/danielbachhuber/composer-lock-updater/zipball/8edf05864b69f90dbf58082b1c07d30d73aaf3d6",
                "reference": "8edf05864b69f90dbf58082b1c07d30d73aaf3d6",
                "shasum": ""
            },
            "require-dev": {
                "phpunit/php-code-coverage": "~2|~4",
                "satooshi/php-coveralls": "~1",
                "squizlabs/php_codesniffer": "^2.7"
            },
            "bin": [
                "bin/clu"
            ],
            "type": "library",
            "autoload": {
                "psr-4": {
                    "CLU\\": "src/"
                }
            },
            "notification-url": "https://packagist.org/downloads/",
            "license": [
                "MIT"
            ],
            "authors": [
                {
                    "name": "Daniel Bachhuber",
                    "email": "daniel@handbuilt.co"
                }
            ],
            "description": "Run composer-lock-updater in your CI system for bot-powered composer.lock pull requests.",
            "time": "2019-08-01T22:33:54+00:00"
        }
    ],
    "packages-dev": [],
    "aliases": [],
    "minimum-stability": "stable",
    "stability-flags": [],
    "prefer-stable": false,
    "prefer-lowest": false,
    "platform": [],
    "platform-dev": []
}
